{
  "version": 4,
  "terraform_version": "1.5.7",
  "serial": 23,
  "lineage": "e9c2bbe8-c3b2-e6b0-02f1-b8dfffdff3c1",
  "outputs": {},
  "resources": [
    {
      "mode": "managed",
      "type": "helm_release",
      "name": "argocd",
      "provider": "provider[\"registry.terraform.io/hashicorp/helm\"]",
      "instances": [
        {
          "schema_version": 2,
          "attributes": {
            "atomic": false,
            "chart": "argo-cd",
            "cleanup_on_fail": false,
            "create_namespace": true,
            "dependency_update": false,
            "description": null,
            "devel": null,
            "disable_crd_hooks": false,
            "disable_openapi_validation": false,
            "disable_webhooks": false,
            "force_update": false,
            "id": "argocd",
            "keyring": null,
            "lint": false,
            "manifest": null,
            "max_history": 0,
            "metadata": {
              "app_version": "v3.3.4",
              "chart": "argo-cd",
              "first_deployed": 1773723426,
              "last_deployed": 1773723426,
              "name": "argocd",
              "namespace": "argocd",
              "notes": "\nIn order to access the server UI you have the following options:\n\n1. kubectl port-forward service/argocd-server -n argocd 8080:443\n\n    and then open the browser on http://localhost:8080 and accept the certificate\n\n2. enable ingress in the values file `server.ingress.enabled` and either\n      - Add the annotation for ssl passthrough: https://argo-cd.readthedocs.io/en/stable/operator-manual/ingress/#option-1-ssl-passthrough\n      - Set the `configs.params.\"server.insecure\"` in the values file and terminate SSL at your ingress: https://argo-cd.readthedocs.io/en/stable/operator-manual/ingress/#option-2-multiple-ingress-objects-and-hosts\n\n\nAfter reaching the UI the first time you can login with username: admin and the random password generated during the installation. You can find the password by running:\n\nkubectl -n argocd get secret argocd-initial-admin-secret -o jsonpath=\"{.data.password}\" | base64 -d\n\n(You should delete the initial secret afterwards as suggested by the Getting Started Guide: https://argo-cd.readthedocs.io/en/stable/getting_started/#4-login-using-the-cli)\n",
              "revision": 1,
              "values": "{}",
              "version": "9.4.11"
            },
            "name": "argocd",
            "namespace": "argocd",
            "pass_credentials": false,
            "postrender": null,
            "recreate_pods": false,
            "render_subchart_notes": true,
            "replace": false,
            "repository": "https://argoproj.github.io/argo-helm",
            "repository_ca_file": null,
            "repository_cert_file": null,
            "repository_key_file": null,
            "repository_password": null,
            "repository_username": null,
            "reset_values": false,
            "resources": null,
            "reuse_values": false,
            "set": null,
            "set_list": null,
            "set_sensitive": null,
            "set_wo": null,
            "set_wo_revision": null,
            "skip_crds": false,
            "status": "deployed",
            "take_ownership": false,
            "timeout": 300,
            "timeouts": null,
            "upgrade_install": false,
            "values": null,
            "verify": false,
            "version": "9.4.11",
            "wait": true,
            "wait_for_jobs": false
          },
          "sensitive_attributes": [],
          "dependencies": [
            "kubernetes_namespace_v1.dev_env"
          ]
        }
      ]
    },
    {
      "mode": "managed",
      "type": "helm_release",
      "name": "jenkins",
      "provider": "provider[\"registry.terraform.io/hashicorp/helm\"]",
      "instances": [
        {
          "schema_version": 2,
          "attributes": {
            "atomic": false,
            "chart": "jenkins",
            "cleanup_on_fail": false,
            "create_namespace": true,
            "dependency_update": false,
            "description": null,
            "devel": null,
            "disable_crd_hooks": false,
            "disable_openapi_validation": false,
            "disable_webhooks": false,
            "force_update": false,
            "id": "jenkins",
            "keyring": null,
            "lint": false,
            "manifest": null,
            "max_history": 0,
            "metadata": {
              "app_version": "2.541.3",
              "chart": "jenkins",
              "first_deployed": 1774364237,
              "last_deployed": 1774364237,
              "name": "jenkins",
              "namespace": "jenkins",
              "notes": "1. Get your 'admin' user password by running:\n  kubectl exec --namespace jenkins -it svc/jenkins -c jenkins -- /bin/cat /run/secrets/additional/chart-admin-password \u0026\u0026 echo\n2. Get the Jenkins URL to visit by running these commands in the same shell:\n  export NODE_PORT=$(kubectl get --namespace jenkins -o jsonpath=\"{.spec.ports[0].nodePort}\" services jenkins)\n  export NODE_IP=$(kubectl get nodes --namespace jenkins -o jsonpath=\"{.items[0].status.addresses[0].address}\")\n  echo http://$NODE_IP:$NODE_PORT\n\n3. Login with the password from step 1 and the username: admin\n4. Configure security realm and authorization strategy\n5. Use Jenkins Configuration as Code by specifying configScripts in your values.yaml file, see documentation: http://$NODE_IP:$NODE_PORT/configuration-as-code and examples: https://github.com/jenkinsci/configuration-as-code-plugin/tree/master/demos\n\nFor more information on running Jenkins on Kubernetes, visit:\nhttps://cloud.google.com/solutions/jenkins-on-container-engine\n\nFor more information about Jenkins Configuration as Code, visit:\nhttps://jenkins.io/projects/jcasc/\n\n\nNOTE: Consider using a custom image with pre-installed plugins\n",
              "revision": 1,
              "values": "{\"controller\":{\"fsGroup\":1000,\"initializeOnce\":true,\"installLatestPlugins\":true,\"persistence\":{\"enabled\":true,\"size\":\"5Gi\",\"storageClass\":\"standard\"},\"runAsUser\":1000,\"serviceType\":\"NodePort\"}}",
              "version": "5.9.9"
            },
            "name": "jenkins",
            "namespace": "jenkins",
            "pass_credentials": false,
            "postrender": null,
            "recreate_pods": false,
            "render_subchart_notes": true,
            "replace": false,
            "repository": "https://charts.jenkins.io",
            "repository_ca_file": null,
            "repository_cert_file": null,
            "repository_key_file": null,
            "repository_password": null,
            "repository_username": null,
            "reset_values": false,
            "resources": null,
            "reuse_values": false,
            "set": null,
            "set_list": null,
            "set_sensitive": null,
            "set_wo": null,
            "set_wo_revision": null,
            "skip_crds": false,
            "status": "deployed",
            "take_ownership": false,
            "timeout": 600,
            "timeouts": null,
            "upgrade_install": false,
            "values": [
              "\"controller\":\n  \"fsGroup\": 1000\n  \"initializeOnce\": true\n  \"installLatestPlugins\": true\n  \"persistence\":\n    \"enabled\": true\n    \"size\": \"5Gi\"\n    \"storageClass\": \"standard\"\n  \"runAsUser\": 1000\n  \"serviceType\": \"NodePort\"\n"
            ],
            "verify": false,
            "version": "5.9.9",
            "wait": true,
            "wait_for_jobs": false
          },
          "sensitive_attributes": []
        }
      ]
    },
    {
      "mode": "managed",
      "type": "kubernetes_namespace_v1",
      "name": "dev_env",
      "provider": "provider[\"registry.terraform.io/hashicorp/kubernetes\"]",
      "instances": [
        {
          "schema_version": 0,
          "attributes": {
            "id": "devops-project",
            "metadata": [
              {
                "annotations": {},
                "generate_name": "",
                "generation": 0,
                "labels": {},
                "name": "devops-project",
                "resource_version": "23403",
                "uid": "f1eccb35-8aa5-4ab5-8197-bdd4bcd40d6c"
              }
            ],
            "timeouts": null,
            "wait_for_default_service_account": false
          },
          "sensitive_attributes": [],
          "private": "eyJlMmJmYjczMC1lY2FhLTExZTYtOGY4OC0zNDM2M2JjN2M0YzAiOnsiZGVsZXRlIjozMDAwMDAwMDAwMDB9fQ=="
        }
      ]
    }
  ],
  "check_results": null
}
